{
  "pins" : [
    {
      "identity" : "swiftgraph",
      "kind" : "remoteSourceControl",
      "location" : "https://github.com/NickTheFreak97/SwiftGraph",
      "state" : {
        "branch" : "msa",
        "revision" : "a00fc9e042d0afff473ef73ea0dc8cd80eca1b28"
      }
    }
  ],
  "version" : 2
}
