{
  "originHash" : "335e9d8b7877ea2f3bfa2482c81ce501f03adcd573847a89dc488fb2b6621ef6",
  "pins" : [
    {
      "identity" : "swiftgraph",
      "kind" : "remoteSourceControl",
      "location" : "https://github.com/NickTheFreak97/SwiftGraph",
      "state" : {
        "branch" : "msa",
        "revision" : "615085465d81f7a7ff176f13029b19f873773409"
      }
    }
  ],
  "version" : 3
}
